
Microsoft Visual Studio Solution File, Format Version 12.00
# Visual Studio 15
VisualStudioVersion = 15.0.27703.1
MinimumVisualStudioVersion = 10.0.40219.1
Project("{FAE04EC0-301F-11D3-BF4B-00C04F79EFBC}") = "GettingStartedLib", "GettingStartedLib\GettingStartedLib.csproj", "{FC0EFAB5-930D-4ED0-AED8-B49FEC53F812}"
EndProject
Project("{FAE04EC0-301F-11D3-BF4B-00C04F79EFBC}") = "GettingStartedHost", "GettingStartedHost\GettingStartedHost.csproj", "{0A6A4F70-F64C-468C-A061-43EC22036C5E}"
EndProject
Project("{FAE04EC0-301F-11D3-BF4B-00C04F79EFBC}") = "GettingStartedClient", "GettingStartedClient\GettingStartedClient.csproj", "{A3775494-19B4-4370-AA5B-BC99BD6074BF}"
EndProject
Global
	GlobalSection(SolutionConfigurationPlatforms) = preSolution
		Debug|Any CPU = Debug|Any CPU
		Release|Any CPU = Release|Any CPU
	EndGlobalSection
	GlobalSection(ProjectConfigurationPlatforms) = postSolution
		{FC0EFAB5-930D-4ED0-AED8-B49FEC53F812}.Debug|Any CPU.ActiveCfg = Debug|Any CPU
		{FC0EFAB5-930D-4ED0-AED8-B49FEC53F812}.Debug|Any CPU.Build.0 = Debug|Any CPU
		{FC0EFAB5-930D-4ED0-AED8-B49FEC53F812}.Release|Any CPU.ActiveCfg = Release|Any CPU
		{FC0EFAB5-930D-4ED0-AED8-B49FEC53F812}.Release|Any CPU.Build.0 = Release|Any CPU
		{0A6A4F70-F64C-468C-A061-43EC22036C5E}.Debug|Any CPU.ActiveCfg = Debug|Any CPU
		{0A6A4F70-F64C-468C-A061-43EC22036C5E}.Debug|Any CPU.Build.0 = Debug|Any CPU
		{0A6A4F70-F64C-468C-A061-43EC22036C5E}.Release|Any CPU.ActiveCfg = Release|Any CPU
		{0A6A4F70-F64C-468C-A061-43EC22036C5E}.Release|Any CPU.Build.0 = Release|Any CPU
		{A3775494-19B4-4370-AA5B-BC99BD6074BF}.Debug|Any CPU.ActiveCfg = Debug|Any CPU
		{A3775494-19B4-4370-AA5B-BC99BD6074BF}.Debug|Any CPU.Build.0 = Debug|Any CPU
		{A3775494-19B4-4370-AA5B-BC99BD6074BF}.Release|Any CPU.ActiveCfg = Release|Any CPU
		{A3775494-19B4-4370-AA5B-BC99BD6074BF}.Release|Any CPU.Build.0 = Release|Any CPU
	EndGlobalSection
	GlobalSection(SolutionProperties) = preSolution
		HideSolutionNode = FALSE
	EndGlobalSection
	GlobalSection(ExtensibilityGlobals) = postSolution
		SolutionGuid = {CFFB9F97-BAAD-4148-94AB-46CA5CC459C9}
	EndGlobalSection
EndGlobal
